[[package]]
name = "pypdf2"
version = "1.26.0"
description = "PDF toolkit"
category = "main"
optional = false
python-versions = "*"

[metadata]
lock-version = "1.1"
python-versions = "^3.9"
content-hash = "9eebf17d8d190034d8dfbe7c977fb7ba9fe0ce8f024b81239b4f03cced04c533"

[metadata.files]
pypdf2 = [
    {file = "PyPDF2-1.26.0.tar.gz", hash = "sha256:e28f902f2f0a1603ea95ebe21dff311ef09be3d0f0ef29a3e44a932729564385"},
]
