[[package]]
name = "prettyconf"
version = "2.1.0"
description = "Separation of settings from code."
category = "main"
optional = false
python-versions = "*"

[package.extras]
aws = ["boto3"]

[[package]]
name = "pypdf2"
version = "1.26.0"
description = "PDF toolkit"
category = "main"
optional = false
python-versions = "*"

[metadata]
lock-version = "1.1"
python-versions = "^3.9"
content-hash = "8b6afb27f8f86a0cf5ecbab5028b83dc72b2db4f2e8b3ef3aed1b18cd234085e"

[metadata.files]
prettyconf = [
    {file = "prettyconf-2.1.0.tar.gz", hash = "sha256:358af2f0d722999eaa4b3e0eb790fd10fad33bcb697d9bcacd53b58ff7fb342e"},
]
pypdf2 = [
    {file = "PyPDF2-1.26.0.tar.gz", hash = "sha256:e28f902f2f0a1603ea95ebe21dff311ef09be3d0f0ef29a3e44a932729564385"},
]
